
Microsoft Visual Studio Solution File, Format Version 12.00
# Visual Studio Version 16
VisualStudioVersion = 16.0.30621.155
MinimumVisualStudioVersion = 10.0.40219.1
Project("{FAE04EC0-301F-11D3-BF4B-00C04F79EFBC}") = "PleerMusic.Business", "PleerMusic.Business\PleerMusic.Business.csproj", "{3352B714-0287-4122-A4F0-CC1CCC2AA861}"
EndProject
Project("{FAE04EC0-301F-11D3-BF4B-00C04F79EFBC}") = "PleerMusic.DataLayer", "PleerMusic.DataLayer\PleerMusic.DataLayer.csproj", "{3302BEFD-6CAD-418B-A37B-03F72CC31884}"
EndProject
Project("{FAE04EC0-301F-11D3-BF4B-00C04F79EFBC}") = "PleerMusic.Utility", "PleerMusic.Utility\PleerMusic.Utility.csproj", "{E24536F4-ED5B-4372-BCD2-165BDEC52537}"
EndProject
Project("{FAE04EC0-301F-11D3-BF4B-00C04F79EFBC}") = "PleerMusic.ViewModels", "PleerMusic.ViewModels\PleerMusic.ViewModels.csproj", "{9E95697E-8311-4426-86AB-16E6C51AE3C6}"
EndProject
Project("{FAE04EC0-301F-11D3-BF4B-00C04F79EFBC}") = "PleerMusic.App", "PleerMusic.App\PleerMusic.App.csproj", "{5AD7540E-7E99-4B9F-9E88-B1F12DC1B3F9}"
EndProject
Project("{FAE04EC0-301F-11D3-BF4B-00C04F79EFBC}") = "ConsoleApp1", "ConsoleApp1\ConsoleApp1.csproj", "{87961224-CF3D-47D5-9A91-BEA56C35B628}"
EndProject
Global
	GlobalSection(SolutionConfigurationPlatforms) = preSolution
		Debug|Any CPU = Debug|Any CPU
		Release|Any CPU = Release|Any CPU
	EndGlobalSection
	GlobalSection(ProjectConfigurationPlatforms) = postSolution
		{3352B714-0287-4122-A4F0-CC1CCC2AA861}.Debug|Any CPU.ActiveCfg = Debug|Any CPU
		{3352B714-0287-4122-A4F0-CC1CCC2AA861}.Debug|Any CPU.Build.0 = Debug|Any CPU
		{3352B714-0287-4122-A4F0-CC1CCC2AA861}.Release|Any CPU.ActiveCfg = Release|Any CPU
		{3352B714-0287-4122-A4F0-CC1CCC2AA861}.Release|Any CPU.Build.0 = Release|Any CPU
		{3302BEFD-6CAD-418B-A37B-03F72CC31884}.Debug|Any CPU.ActiveCfg = Debug|Any CPU
		{3302BEFD-6CAD-418B-A37B-03F72CC31884}.Debug|Any CPU.Build.0 = Debug|Any CPU
		{3302BEFD-6CAD-418B-A37B-03F72CC31884}.Release|Any CPU.ActiveCfg = Release|Any CPU
		{3302BEFD-6CAD-418B-A37B-03F72CC31884}.Release|Any CPU.Build.0 = Release|Any CPU
		{E24536F4-ED5B-4372-BCD2-165BDEC52537}.Debug|Any CPU.ActiveCfg = Debug|Any CPU
		{E24536F4-ED5B-4372-BCD2-165BDEC52537}.Debug|Any CPU.Build.0 = Debug|Any CPU
		{E24536F4-ED5B-4372-BCD2-165BDEC52537}.Release|Any CPU.ActiveCfg = Release|Any CPU
		{E24536F4-ED5B-4372-BCD2-165BDEC52537}.Release|Any CPU.Build.0 = Release|Any CPU
		{9E95697E-8311-4426-86AB-16E6C51AE3C6}.Debug|Any CPU.ActiveCfg = Debug|Any CPU
		{9E95697E-8311-4426-86AB-16E6C51AE3C6}.Debug|Any CPU.Build.0 = Debug|Any CPU
		{9E95697E-8311-4426-86AB-16E6C51AE3C6}.Release|Any CPU.ActiveCfg = Release|Any CPU
		{9E95697E-8311-4426-86AB-16E6C51AE3C6}.Release|Any CPU.Build.0 = Release|Any CPU
		{5AD7540E-7E99-4B9F-9E88-B1F12DC1B3F9}.Debug|Any CPU.ActiveCfg = Debug|Any CPU
		{5AD7540E-7E99-4B9F-9E88-B1F12DC1B3F9}.Debug|Any CPU.Build.0 = Debug|Any CPU
		{5AD7540E-7E99-4B9F-9E88-B1F12DC1B3F9}.Release|Any CPU.ActiveCfg = Release|Any CPU
		{5AD7540E-7E99-4B9F-9E88-B1F12DC1B3F9}.Release|Any CPU.Build.0 = Release|Any CPU
		{87961224-CF3D-47D5-9A91-BEA56C35B628}.Debug|Any CPU.ActiveCfg = Debug|Any CPU
		{87961224-CF3D-47D5-9A91-BEA56C35B628}.Debug|Any CPU.Build.0 = Debug|Any CPU
		{87961224-CF3D-47D5-9A91-BEA56C35B628}.Release|Any CPU.ActiveCfg = Release|Any CPU
		{87961224-CF3D-47D5-9A91-BEA56C35B628}.Release|Any CPU.Build.0 = Release|Any CPU
	EndGlobalSection
	GlobalSection(SolutionProperties) = preSolution
		HideSolutionNode = FALSE
	EndGlobalSection
	GlobalSection(ExtensibilityGlobals) = postSolution
		SolutionGuid = {D26338C1-97F1-4270-9970-F8F6472E32CB}
	EndGlobalSection
EndGlobal
